
Microsoft Visual Studio Solution File, Format Version 12.00
# Visual Studio 15
VisualStudioVersion = 15.0.26124.0
MinimumVisualStudioVersion = 15.0.26124.0
Project("{FAE04EC0-301F-11D3-BF4B-00C04F79EFBC}") = "R5T.Pickwich.Standard.Construction", "R5T.Pickwich.Standard.Construction\R5T.Pickwich.Standard.Construction.csproj", "{30ACE30F-D6CD-410B-922C-98C444196E43}"
EndProject
Project("{FAE04EC0-301F-11D3-BF4B-00C04F79EFBC}") = "R5T.Pickwich.Standard", "R5T.Pickwich.Standard\R5T.Pickwich.Standard.csproj", "{F09094FF-26F0-4673-861E-C94B372893F2}"
EndProject
Project("{FAE04EC0-301F-11D3-BF4B-00C04F79EFBC}") = "R5T.Pickwich.Standard.Testing", "R5T.Pickwich.Standard.Testing\R5T.Pickwich.Standard.Testing.csproj", "{8B0236A7-4697-488A-B711-32040E85D24F}"
EndProject
Global
	GlobalSection(SolutionConfigurationPlatforms) = preSolution
		Debug|Any CPU = Debug|Any CPU
		Debug|x64 = Debug|x64
		Debug|x86 = Debug|x86
		Release|Any CPU = Release|Any CPU
		Release|x64 = Release|x64
		Release|x86 = Release|x86
	EndGlobalSection
	GlobalSection(SolutionProperties) = preSolution
		HideSolutionNode = FALSE
	EndGlobalSection
	GlobalSection(ProjectConfigurationPlatforms) = postSolution
		{30ACE30F-D6CD-410B-922C-98C444196E43}.Debug|Any CPU.ActiveCfg = Debug|Any CPU
		{30ACE30F-D6CD-410B-922C-98C444196E43}.Debug|Any CPU.Build.0 = Debug|Any CPU
		{30ACE30F-D6CD-410B-922C-98C444196E43}.Debug|x64.ActiveCfg = Debug|Any CPU
		{30ACE30F-D6CD-410B-922C-98C444196E43}.Debug|x64.Build.0 = Debug|Any CPU
		{30ACE30F-D6CD-410B-922C-98C444196E43}.Debug|x86.ActiveCfg = Debug|Any CPU
		{30ACE30F-D6CD-410B-922C-98C444196E43}.Debug|x86.Build.0 = Debug|Any CPU
		{30ACE30F-D6CD-410B-922C-98C444196E43}.Release|Any CPU.ActiveCfg = Release|Any CPU
		{30ACE30F-D6CD-410B-922C-98C444196E43}.Release|Any CPU.Build.0 = Release|Any CPU
		{30ACE30F-D6CD-410B-922C-98C444196E43}.Release|x64.ActiveCfg = Release|Any CPU
		{30ACE30F-D6CD-410B-922C-98C444196E43}.Release|x64.Build.0 = Release|Any CPU
		{30ACE30F-D6CD-410B-922C-98C444196E43}.Release|x86.ActiveCfg = Release|Any CPU
		{30ACE30F-D6CD-410B-922C-98C444196E43}.Release|x86.Build.0 = Release|Any CPU
		{F09094FF-26F0-4673-861E-C94B372893F2}.Debug|Any CPU.ActiveCfg = Debug|Any CPU
		{F09094FF-26F0-4673-861E-C94B372893F2}.Debug|Any CPU.Build.0 = Debug|Any CPU
		{F09094FF-26F0-4673-861E-C94B372893F2}.Debug|x64.ActiveCfg = Debug|Any CPU
		{F09094FF-26F0-4673-861E-C94B372893F2}.Debug|x64.Build.0 = Debug|Any CPU
		{F09094FF-26F0-4673-861E-C94B372893F2}.Debug|x86.ActiveCfg = Debug|Any CPU
		{F09094FF-26F0-4673-861E-C94B372893F2}.Debug|x86.Build.0 = Debug|Any CPU
		{F09094FF-26F0-4673-861E-C94B372893F2}.Release|Any CPU.ActiveCfg = Release|Any CPU
		{F09094FF-26F0-4673-861E-C94B372893F2}.Release|Any CPU.Build.0 = Release|Any CPU
		{F09094FF-26F0-4673-861E-C94B372893F2}.Release|x64.ActiveCfg = Release|Any CPU
		{F09094FF-26F0-4673-861E-C94B372893F2}.Release|x64.Build.0 = Release|Any CPU
		{F09094FF-26F0-4673-861E-C94B372893F2}.Release|x86.ActiveCfg = Release|Any CPU
		{F09094FF-26F0-4673-861E-C94B372893F2}.Release|x86.Build.0 = Release|Any CPU
		{8B0236A7-4697-488A-B711-32040E85D24F}.Debug|Any CPU.ActiveCfg = Debug|Any CPU
		{8B0236A7-4697-488A-B711-32040E85D24F}.Debug|Any CPU.Build.0 = Debug|Any CPU
		{8B0236A7-4697-488A-B711-32040E85D24F}.Debug|x64.ActiveCfg = Debug|Any CPU
		{8B0236A7-4697-488A-B711-32040E85D24F}.Debug|x64.Build.0 = Debug|Any CPU
		{8B0236A7-4697-488A-B711-32040E85D24F}.Debug|x86.ActiveCfg = Debug|Any CPU
		{8B0236A7-4697-488A-B711-32040E85D24F}.Debug|x86.Build.0 = Debug|Any CPU
		{8B0236A7-4697-488A-B711-32040E85D24F}.Release|Any CPU.ActiveCfg = Release|Any CPU
		{8B0236A7-4697-488A-B711-32040E85D24F}.Release|Any CPU.Build.0 = Release|Any CPU
		{8B0236A7-4697-488A-B711-32040E85D24F}.Release|x64.ActiveCfg = Release|Any CPU
		{8B0236A7-4697-488A-B711-32040E85D24F}.Release|x64.Build.0 = Release|Any CPU
		{8B0236A7-4697-488A-B711-32040E85D24F}.Release|x86.ActiveCfg = Release|Any CPU
		{8B0236A7-4697-488A-B711-32040E85D24F}.Release|x86.Build.0 = Release|Any CPU
	EndGlobalSection
EndGlobal
