
Microsoft Visual Studio Solution File, Format Version 12.00
# Visual Studio 15
VisualStudioVersion = 15.0.26124.0
MinimumVisualStudioVersion = 15.0.26124.0
Project("{9A19103F-16F7-4668-BE54-9A1E7A4F7556}") = "R5T.Pickwich.Standard.Construction", "R5T.Pickwich.Standard.Construction\R5T.Pickwich.Standard.Construction.csproj", "{30ACE30F-D6CD-410B-922C-98C444196E43}"
EndProject
Project("{9A19103F-16F7-4668-BE54-9A1E7A4F7556}") = "R5T.Pickwich.Standard", "R5T.Pickwich.Standard\R5T.Pickwich.Standard.csproj", "{F09094FF-26F0-4673-861E-C94B372893F2}"
EndProject
Project("{9A19103F-16F7-4668-BE54-9A1E7A4F7556}") = "R5T.Pickwich.Standard.Testing", "R5T.Pickwich.Standard.Testing\R5T.Pickwich.Standard.Testing.csproj", "{8B0236A7-4697-488A-B711-32040E85D24F}"
EndProject
Project("{2150E333-8FDC-42A3-9474-1A3956D46DE8}") = "_Dependencies", "_Dependencies", "{74825AF8-40E2-48F1-A6DB-4A81B288E670}"
EndProject
Project("{9A19103F-16F7-4668-BE54-9A1E7A4F7556}") = "R5T.Pickwich.Default", "..\..\R5T.Pickwich.Default\source\R5T.Pickwich.Default\R5T.Pickwich.Default.csproj", "{DA0235E7-E63D-4E9E-93C6-10B676D790A6}"
EndProject
Project("{9A19103F-16F7-4668-BE54-9A1E7A4F7556}") = "R5T.Pickwich.Norsica", "..\..\R5T.Pickwich.Norsica\source\R5T.Pickwich.Norsica\R5T.Pickwich.Norsica.csproj", "{75B41187-B062-48DC-AB34-8709FDBACBEC}"
EndProject
Project("{9A19103F-16F7-4668-BE54-9A1E7A4F7556}") = "R5T.Lombardy", "..\..\R5T.Lombardy\source\R5T.Lombardy\R5T.Lombardy.csproj", "{A43D2B92-044E-41C0-BC7F-F4AC0A9246A3}"
EndProject
Project("{9A19103F-16F7-4668-BE54-9A1E7A4F7556}") = "R5T.Lombardy.Base", "..\..\R5T.Lombardy.Base\source\R5T.Lombardy.Base\R5T.Lombardy.Base.csproj", "{5513EC1F-A8AC-49F8-B26C-B554B45F3FB4}"
EndProject
Project("{9A19103F-16F7-4668-BE54-9A1E7A4F7556}") = "R5T.Pickwich.Base", "..\..\R5T.Pickwich.Base\source\R5T.Pickwich.Base\R5T.Pickwich.Base.csproj", "{17DF3AD0-C20A-4163-AD6C-33B562E48844}"
EndProject
Project("{9A19103F-16F7-4668-BE54-9A1E7A4F7556}") = "R5T.Pickwich.Types", "..\..\R5T.Pickwich.Types\source\R5T.Pickwich.Types\R5T.Pickwich.Types.csproj", "{AA6A80C3-6C6B-4C19-AC4B-BC641800EDFC}"
EndProject
Project("{9A19103F-16F7-4668-BE54-9A1E7A4F7556}") = "R5T.Norsica.Standard", "..\..\R5T.Norsica.Standard\source\R5T.Norsica.Standard\R5T.Norsica.Standard.csproj", "{5AFF992C-B30E-4626-BFC4-FEB4E4769853}"
EndProject
Project("{9A19103F-16F7-4668-BE54-9A1E7A4F7556}") = "R5T.Caledonia.Default", "..\..\R5T.Caledonia.Default\source\R5T.Caledonia.Default\R5T.Caledonia.Default.csproj", "{7B264008-3B37-4818-A541-DB88F6977ACB}"
EndProject
Project("{9A19103F-16F7-4668-BE54-9A1E7A4F7556}") = "R5T.Caledonia.Base", "..\..\R5T.Caledonia.Base\source\R5T.Caledonia.Base\R5T.Caledonia.Base.csproj", "{DA3D6674-089A-4C0D-A939-93429CA0767A}"
EndProject
Project("{9A19103F-16F7-4668-BE54-9A1E7A4F7556}") = "R5T.Caledonia.Types", "..\..\R5T.Caledonia.Types\source\R5T.Caledonia.Types\R5T.Caledonia.Types.csproj", "{E2EE431F-2CAE-4423-91EA-6EC5F92C7606}"
EndProject
Project("{9A19103F-16F7-4668-BE54-9A1E7A4F7556}") = "R5T.Magyar", "..\..\R5T.Magyar\source\R5T.Magyar\R5T.Magyar.csproj", "{B2434B48-3474-4BF0-9BA2-6A532B5382DC}"
EndProject
Project("{9A19103F-16F7-4668-BE54-9A1E7A4F7556}") = "R5T.Norsica.Configuration.Sardinia", "..\..\R5T.Norsica.Configuration.Sardinia\source\R5T.Norsica.Configuration.Sardinia\R5T.Norsica.Configuration.Sardinia.csproj", "{427FBE54-A32B-4910-B308-54604451BC99}"
EndProject
Project("{9A19103F-16F7-4668-BE54-9A1E7A4F7556}") = "R5T.Norsica.Configuration", "..\..\R5T.Norsica.Configuration\source\R5T.Norsica.Configuration\R5T.Norsica.Configuration.csproj", "{DDA8A749-DDF5-4238-8B7A-C2940DD78701}"
EndProject
Project("{9A19103F-16F7-4668-BE54-9A1E7A4F7556}") = "R5T.Sardinia", "..\..\R5T.Sardinia\source\R5T.Sardinia\R5T.Sardinia.csproj", "{355E8B64-57E5-42B9-96A7-60BD66AC0351}"
EndProject
Project("{9A19103F-16F7-4668-BE54-9A1E7A4F7556}") = "R5T.Chamavia", "..\..\R5T.Chamavia\source\R5T.Chamavia\R5T.Chamavia.csproj", "{FE9ABCEA-ED88-4D0E-A081-336F5E355CA2}"
EndProject
Project("{9A19103F-16F7-4668-BE54-9A1E7A4F7556}") = "R5T.Dacia", "..\..\R5T.Dacia\source\R5T.Dacia\R5T.Dacia.csproj", "{7B670A13-22EB-44A1-B802-56858A1759F9}"
EndProject
Project("{9A19103F-16F7-4668-BE54-9A1E7A4F7556}") = "R5T.Opatia", "..\..\R5T.Opatia\source\R5T.Opatia\R5T.Opatia.csproj", "{AF13D093-DBE8-4D62-9705-D86AFC7D4AA4}"
EndProject
Project("{9A19103F-16F7-4668-BE54-9A1E7A4F7556}") = "R5T.Norsica.Configuration.Suebia", "..\..\R5T.Norsica.Configuration.Suebia\source\R5T.Norsica.Configuration.Suebia\R5T.Norsica.Configuration.Suebia.csproj", "{0845D93D-13F0-4A9A-8B6E-3E2CE0E94B3C}"
EndProject
Project("{9A19103F-16F7-4668-BE54-9A1E7A4F7556}") = "R5T.Suebia.Extensions", "..\..\R5T.Suebia.Extensions\source\R5T.Suebia.Extensions\R5T.Suebia.Extensions.csproj", "{3491EDCE-AB11-4274-A45A-0DDCE03D0683}"
EndProject
Project("{9A19103F-16F7-4668-BE54-9A1E7A4F7556}") = "R5T.Suebia.Base", "..\..\R5T.Suebia.Base\source\R5T.Suebia.Base\R5T.Suebia.Base.csproj", "{EB7B62A3-1D91-42C2-A43B-A3C55EC5EE09}"
EndProject
Project("{9A19103F-16F7-4668-BE54-9A1E7A4F7556}") = "R5T.Norsica.Default", "..\..\R5T.Norsica.Default\source\R5T.Norsica.Default\R5T.Norsica.Default.csproj", "{391609A4-89DF-40F0-805E-62B85C4B0D51}"
EndProject
Project("{9A19103F-16F7-4668-BE54-9A1E7A4F7556}") = "R5T.Norsica.Base", "..\..\R5T.Norsica.Base\source\R5T.Norsica.Base\R5T.Norsica.Base.csproj", "{B396ABAC-B6FE-41FA-8BD2-97564EB0A0F9}"
EndProject
Project("{9A19103F-16F7-4668-BE54-9A1E7A4F7556}") = "R5T.Norsica.Commands", "..\..\R5T.Norsica.Commands\source\R5T.Norsica.Commands\R5T.Norsica.Commands.csproj", "{537BEAE7-B4C3-4907-99EE-405975A69080}"
EndProject
Project("{9A19103F-16F7-4668-BE54-9A1E7A4F7556}") = "R5T.Heraklion", "..\..\R5T.Heraklion\source\R5T.Heraklion\R5T.Heraklion.csproj", "{7DCF06C0-E219-4C79-B60E-7EAC9B7DCCBA}"
EndProject
Project("{9A19103F-16F7-4668-BE54-9A1E7A4F7556}") = "R5T.Piraeus", "..\..\R5T.Piraeus\source\R5T.Piraeus\R5T.Piraeus.csproj", "{422AF5C3-F28C-4882-9B09-13E1B7E7502E}"
EndProject
Project("{9A19103F-16F7-4668-BE54-9A1E7A4F7556}") = "R5T.Volos", "..\..\R5T.Volos\source\R5T.Volos\R5T.Volos.csproj", "{E34C174C-801D-47B0-B00E-E685052D1706}"
EndProject
Project("{9A19103F-16F7-4668-BE54-9A1E7A4F7556}") = "R5T.Heraklion.Default", "..\..\R5T.Heraklion.Default\source\R5T.Heraklion.Default\R5T.Heraklion.Default.csproj", "{614E3804-7E2F-44B8-ADA2-7BFC1437A713}"
EndProject
Project("{9A19103F-16F7-4668-BE54-9A1E7A4F7556}") = "R5T.Piraeus.StringBuilder", "..\..\R5T.Piraeus.StringBuilder\source\R5T.Piraeus.StringBuilder\R5T.Piraeus.StringBuilder.csproj", "{88962AF8-0734-4053-A2FE-B4635A1C9B6D}"
EndProject
Project("{9A19103F-16F7-4668-BE54-9A1E7A4F7556}") = "R5T.Cherusci", "..\..\R5T.Cherusci\source\R5T.Cherusci\R5T.Cherusci.csproj", "{D0E41D8A-9B78-4434-A5B1-7966DCF520CA}"
EndProject
Project("{9A19103F-16F7-4668-BE54-9A1E7A4F7556}") = "R5T.Rugia", "..\..\R5T.Rugia\source\R5T.Rugia\R5T.Rugia.csproj", "{FDB35295-B232-4E88-877C-79BCD44427C5}"
EndProject
Project("{9A19103F-16F7-4668-BE54-9A1E7A4F7556}") = "R5T.Rugia.Base", "..\..\R5T.Rugia.Base\source\R5T.Rugia.Base\R5T.Rugia.Base.csproj", "{BE00FEA3-671D-4470-BC79-60B7184B8E72}"
EndProject
Global
	GlobalSection(SolutionConfigurationPlatforms) = preSolution
		Debug|Any CPU = Debug|Any CPU
		Debug|x64 = Debug|x64
		Debug|x86 = Debug|x86
		Release|Any CPU = Release|Any CPU
		Release|x64 = Release|x64
		Release|x86 = Release|x86
	EndGlobalSection
	GlobalSection(ProjectConfigurationPlatforms) = postSolution
		{30ACE30F-D6CD-410B-922C-98C444196E43}.Debug|Any CPU.ActiveCfg = Debug|Any CPU
		{30ACE30F-D6CD-410B-922C-98C444196E43}.Debug|Any CPU.Build.0 = Debug|Any CPU
		{30ACE30F-D6CD-410B-922C-98C444196E43}.Debug|x64.ActiveCfg = Debug|Any CPU
		{30ACE30F-D6CD-410B-922C-98C444196E43}.Debug|x64.Build.0 = Debug|Any CPU
		{30ACE30F-D6CD-410B-922C-98C444196E43}.Debug|x86.ActiveCfg = Debug|Any CPU
		{30ACE30F-D6CD-410B-922C-98C444196E43}.Debug|x86.Build.0 = Debug|Any CPU
		{30ACE30F-D6CD-410B-922C-98C444196E43}.Release|Any CPU.ActiveCfg = Release|Any CPU
		{30ACE30F-D6CD-410B-922C-98C444196E43}.Release|Any CPU.Build.0 = Release|Any CPU
		{30ACE30F-D6CD-410B-922C-98C444196E43}.Release|x64.ActiveCfg = Release|Any CPU
		{30ACE30F-D6CD-410B-922C-98C444196E43}.Release|x64.Build.0 = Release|Any CPU
		{30ACE30F-D6CD-410B-922C-98C444196E43}.Release|x86.ActiveCfg = Release|Any CPU
		{30ACE30F-D6CD-410B-922C-98C444196E43}.Release|x86.Build.0 = Release|Any CPU
		{F09094FF-26F0-4673-861E-C94B372893F2}.Debug|Any CPU.ActiveCfg = Debug|Any CPU
		{F09094FF-26F0-4673-861E-C94B372893F2}.Debug|Any CPU.Build.0 = Debug|Any CPU
		{F09094FF-26F0-4673-861E-C94B372893F2}.Debug|x64.ActiveCfg = Debug|Any CPU
		{F09094FF-26F0-4673-861E-C94B372893F2}.Debug|x64.Build.0 = Debug|Any CPU
		{F09094FF-26F0-4673-861E-C94B372893F2}.Debug|x86.ActiveCfg = Debug|Any CPU
		{F09094FF-26F0-4673-861E-C94B372893F2}.Debug|x86.Build.0 = Debug|Any CPU
		{F09094FF-26F0-4673-861E-C94B372893F2}.Release|Any CPU.ActiveCfg = Release|Any CPU
		{F09094FF-26F0-4673-861E-C94B372893F2}.Release|Any CPU.Build.0 = Release|Any CPU
		{F09094FF-26F0-4673-861E-C94B372893F2}.Release|x64.ActiveCfg = Release|Any CPU
		{F09094FF-26F0-4673-861E-C94B372893F2}.Release|x64.Build.0 = Release|Any CPU
		{F09094FF-26F0-4673-861E-C94B372893F2}.Release|x86.ActiveCfg = Release|Any CPU
		{F09094FF-26F0-4673-861E-C94B372893F2}.Release|x86.Build.0 = Release|Any CPU
		{8B0236A7-4697-488A-B711-32040E85D24F}.Debug|Any CPU.ActiveCfg = Debug|Any CPU
		{8B0236A7-4697-488A-B711-32040E85D24F}.Debug|Any CPU.Build.0 = Debug|Any CPU
		{8B0236A7-4697-488A-B711-32040E85D24F}.Debug|x64.ActiveCfg = Debug|Any CPU
		{8B0236A7-4697-488A-B711-32040E85D24F}.Debug|x64.Build.0 = Debug|Any CPU
		{8B0236A7-4697-488A-B711-32040E85D24F}.Debug|x86.ActiveCfg = Debug|Any CPU
		{8B0236A7-4697-488A-B711-32040E85D24F}.Debug|x86.Build.0 = Debug|Any CPU
		{8B0236A7-4697-488A-B711-32040E85D24F}.Release|Any CPU.ActiveCfg = Release|Any CPU
		{8B0236A7-4697-488A-B711-32040E85D24F}.Release|Any CPU.Build.0 = Release|Any CPU
		{8B0236A7-4697-488A-B711-32040E85D24F}.Release|x64.ActiveCfg = Release|Any CPU
		{8B0236A7-4697-488A-B711-32040E85D24F}.Release|x64.Build.0 = Release|Any CPU
		{8B0236A7-4697-488A-B711-32040E85D24F}.Release|x86.ActiveCfg = Release|Any CPU
		{8B0236A7-4697-488A-B711-32040E85D24F}.Release|x86.Build.0 = Release|Any CPU
		{DA0235E7-E63D-4E9E-93C6-10B676D790A6}.Debug|Any CPU.ActiveCfg = Debug|Any CPU
		{DA0235E7-E63D-4E9E-93C6-10B676D790A6}.Debug|Any CPU.Build.0 = Debug|Any CPU
		{DA0235E7-E63D-4E9E-93C6-10B676D790A6}.Debug|x64.ActiveCfg = Debug|Any CPU
		{DA0235E7-E63D-4E9E-93C6-10B676D790A6}.Debug|x64.Build.0 = Debug|Any CPU
		{DA0235E7-E63D-4E9E-93C6-10B676D790A6}.Debug|x86.ActiveCfg = Debug|Any CPU
		{DA0235E7-E63D-4E9E-93C6-10B676D790A6}.Debug|x86.Build.0 = Debug|Any CPU
		{DA0235E7-E63D-4E9E-93C6-10B676D790A6}.Release|Any CPU.ActiveCfg = Release|Any CPU
		{DA0235E7-E63D-4E9E-93C6-10B676D790A6}.Release|Any CPU.Build.0 = Release|Any CPU
		{DA0235E7-E63D-4E9E-93C6-10B676D790A6}.Release|x64.ActiveCfg = Release|Any CPU
		{DA0235E7-E63D-4E9E-93C6-10B676D790A6}.Release|x64.Build.0 = Release|Any CPU
		{DA0235E7-E63D-4E9E-93C6-10B676D790A6}.Release|x86.ActiveCfg = Release|Any CPU
		{DA0235E7-E63D-4E9E-93C6-10B676D790A6}.Release|x86.Build.0 = Release|Any CPU
		{75B41187-B062-48DC-AB34-8709FDBACBEC}.Debug|Any CPU.ActiveCfg = Debug|Any CPU
		{75B41187-B062-48DC-AB34-8709FDBACBEC}.Debug|Any CPU.Build.0 = Debug|Any CPU
		{75B41187-B062-48DC-AB34-8709FDBACBEC}.Debug|x64.ActiveCfg = Debug|Any CPU
		{75B41187-B062-48DC-AB34-8709FDBACBEC}.Debug|x64.Build.0 = Debug|Any CPU
		{75B41187-B062-48DC-AB34-8709FDBACBEC}.Debug|x86.ActiveCfg = Debug|Any CPU
		{75B41187-B062-48DC-AB34-8709FDBACBEC}.Debug|x86.Build.0 = Debug|Any CPU
		{75B41187-B062-48DC-AB34-8709FDBACBEC}.Release|Any CPU.ActiveCfg = Release|Any CPU
		{75B41187-B062-48DC-AB34-8709FDBACBEC}.Release|Any CPU.Build.0 = Release|Any CPU
		{75B41187-B062-48DC-AB34-8709FDBACBEC}.Release|x64.ActiveCfg = Release|Any CPU
		{75B41187-B062-48DC-AB34-8709FDBACBEC}.Release|x64.Build.0 = Release|Any CPU
		{75B41187-B062-48DC-AB34-8709FDBACBEC}.Release|x86.ActiveCfg = Release|Any CPU
		{75B41187-B062-48DC-AB34-8709FDBACBEC}.Release|x86.Build.0 = Release|Any CPU
		{A43D2B92-044E-41C0-BC7F-F4AC0A9246A3}.Debug|Any CPU.ActiveCfg = Debug|Any CPU
		{A43D2B92-044E-41C0-BC7F-F4AC0A9246A3}.Debug|Any CPU.Build.0 = Debug|Any CPU
		{A43D2B92-044E-41C0-BC7F-F4AC0A9246A3}.Debug|x64.ActiveCfg = Debug|Any CPU
		{A43D2B92-044E-41C0-BC7F-F4AC0A9246A3}.Debug|x64.Build.0 = Debug|Any CPU
		{A43D2B92-044E-41C0-BC7F-F4AC0A9246A3}.Debug|x86.ActiveCfg = Debug|Any CPU
		{A43D2B92-044E-41C0-BC7F-F4AC0A9246A3}.Debug|x86.Build.0 = Debug|Any CPU
		{A43D2B92-044E-41C0-BC7F-F4AC0A9246A3}.Release|Any CPU.ActiveCfg = Release|Any CPU
		{A43D2B92-044E-41C0-BC7F-F4AC0A9246A3}.Release|Any CPU.Build.0 = Release|Any CPU
		{A43D2B92-044E-41C0-BC7F-F4AC0A9246A3}.Release|x64.ActiveCfg = Release|Any CPU
		{A43D2B92-044E-41C0-BC7F-F4AC0A9246A3}.Release|x64.Build.0 = Release|Any CPU
		{A43D2B92-044E-41C0-BC7F-F4AC0A9246A3}.Release|x86.ActiveCfg = Release|Any CPU
		{A43D2B92-044E-41C0-BC7F-F4AC0A9246A3}.Release|x86.Build.0 = Release|Any CPU
		{5513EC1F-A8AC-49F8-B26C-B554B45F3FB4}.Debug|Any CPU.ActiveCfg = Debug|Any CPU
		{5513EC1F-A8AC-49F8-B26C-B554B45F3FB4}.Debug|Any CPU.Build.0 = Debug|Any CPU
		{5513EC1F-A8AC-49F8-B26C-B554B45F3FB4}.Debug|x64.ActiveCfg = Debug|Any CPU
		{5513EC1F-A8AC-49F8-B26C-B554B45F3FB4}.Debug|x64.Build.0 = Debug|Any CPU
		{5513EC1F-A8AC-49F8-B26C-B554B45F3FB4}.Debug|x86.ActiveCfg = Debug|Any CPU
		{5513EC1F-A8AC-49F8-B26C-B554B45F3FB4}.Debug|x86.Build.0 = Debug|Any CPU
		{5513EC1F-A8AC-49F8-B26C-B554B45F3FB4}.Release|Any CPU.ActiveCfg = Release|Any CPU
		{5513EC1F-A8AC-49F8-B26C-B554B45F3FB4}.Release|Any CPU.Build.0 = Release|Any CPU
		{5513EC1F-A8AC-49F8-B26C-B554B45F3FB4}.Release|x64.ActiveCfg = Release|Any CPU
		{5513EC1F-A8AC-49F8-B26C-B554B45F3FB4}.Release|x64.Build.0 = Release|Any CPU
		{5513EC1F-A8AC-49F8-B26C-B554B45F3FB4}.Release|x86.ActiveCfg = Release|Any CPU
		{5513EC1F-A8AC-49F8-B26C-B554B45F3FB4}.Release|x86.Build.0 = Release|Any CPU
		{17DF3AD0-C20A-4163-AD6C-33B562E48844}.Debug|Any CPU.ActiveCfg = Debug|Any CPU
		{17DF3AD0-C20A-4163-AD6C-33B562E48844}.Debug|Any CPU.Build.0 = Debug|Any CPU
		{17DF3AD0-C20A-4163-AD6C-33B562E48844}.Debug|x64.ActiveCfg = Debug|Any CPU
		{17DF3AD0-C20A-4163-AD6C-33B562E48844}.Debug|x64.Build.0 = Debug|Any CPU
		{17DF3AD0-C20A-4163-AD6C-33B562E48844}.Debug|x86.ActiveCfg = Debug|Any CPU
		{17DF3AD0-C20A-4163-AD6C-33B562E48844}.Debug|x86.Build.0 = Debug|Any CPU
		{17DF3AD0-C20A-4163-AD6C-33B562E48844}.Release|Any CPU.ActiveCfg = Release|Any CPU
		{17DF3AD0-C20A-4163-AD6C-33B562E48844}.Release|Any CPU.Build.0 = Release|Any CPU
		{17DF3AD0-C20A-4163-AD6C-33B562E48844}.Release|x64.ActiveCfg = Release|Any CPU
		{17DF3AD0-C20A-4163-AD6C-33B562E48844}.Release|x64.Build.0 = Release|Any CPU
		{17DF3AD0-C20A-4163-AD6C-33B562E48844}.Release|x86.ActiveCfg = Release|Any CPU
		{17DF3AD0-C20A-4163-AD6C-33B562E48844}.Release|x86.Build.0 = Release|Any CPU
		{AA6A80C3-6C6B-4C19-AC4B-BC641800EDFC}.Debug|Any CPU.ActiveCfg = Debug|Any CPU
		{AA6A80C3-6C6B-4C19-AC4B-BC641800EDFC}.Debug|Any CPU.Build.0 = Debug|Any CPU
		{AA6A80C3-6C6B-4C19-AC4B-BC641800EDFC}.Debug|x64.ActiveCfg = Debug|Any CPU
		{AA6A80C3-6C6B-4C19-AC4B-BC641800EDFC}.Debug|x64.Build.0 = Debug|Any CPU
		{AA6A80C3-6C6B-4C19-AC4B-BC641800EDFC}.Debug|x86.ActiveCfg = Debug|Any CPU
		{AA6A80C3-6C6B-4C19-AC4B-BC641800EDFC}.Debug|x86.Build.0 = Debug|Any CPU
		{AA6A80C3-6C6B-4C19-AC4B-BC641800EDFC}.Release|Any CPU.ActiveCfg = Release|Any CPU
		{AA6A80C3-6C6B-4C19-AC4B-BC641800EDFC}.Release|Any CPU.Build.0 = Release|Any CPU
		{AA6A80C3-6C6B-4C19-AC4B-BC641800EDFC}.Release|x64.ActiveCfg = Release|Any CPU
		{AA6A80C3-6C6B-4C19-AC4B-BC641800EDFC}.Release|x64.Build.0 = Release|Any CPU
		{AA6A80C3-6C6B-4C19-AC4B-BC641800EDFC}.Release|x86.ActiveCfg = Release|Any CPU
		{AA6A80C3-6C6B-4C19-AC4B-BC641800EDFC}.Release|x86.Build.0 = Release|Any CPU
		{5AFF992C-B30E-4626-BFC4-FEB4E4769853}.Debug|Any CPU.ActiveCfg = Debug|Any CPU
		{5AFF992C-B30E-4626-BFC4-FEB4E4769853}.Debug|Any CPU.Build.0 = Debug|Any CPU
		{5AFF992C-B30E-4626-BFC4-FEB4E4769853}.Debug|x64.ActiveCfg = Debug|Any CPU
		{5AFF992C-B30E-4626-BFC4-FEB4E4769853}.Debug|x64.Build.0 = Debug|Any CPU
		{5AFF992C-B30E-4626-BFC4-FEB4E4769853}.Debug|x86.ActiveCfg = Debug|Any CPU
		{5AFF992C-B30E-4626-BFC4-FEB4E4769853}.Debug|x86.Build.0 = Debug|Any CPU
		{5AFF992C-B30E-4626-BFC4-FEB4E4769853}.Release|Any CPU.ActiveCfg = Release|Any CPU
		{5AFF992C-B30E-4626-BFC4-FEB4E4769853}.Release|Any CPU.Build.0 = Release|Any CPU
		{5AFF992C-B30E-4626-BFC4-FEB4E4769853}.Release|x64.ActiveCfg = Release|Any CPU
		{5AFF992C-B30E-4626-BFC4-FEB4E4769853}.Release|x64.Build.0 = Release|Any CPU
		{5AFF992C-B30E-4626-BFC4-FEB4E4769853}.Release|x86.ActiveCfg = Release|Any CPU
		{5AFF992C-B30E-4626-BFC4-FEB4E4769853}.Release|x86.Build.0 = Release|Any CPU
		{7B264008-3B37-4818-A541-DB88F6977ACB}.Debug|Any CPU.ActiveCfg = Debug|Any CPU
		{7B264008-3B37-4818-A541-DB88F6977ACB}.Debug|Any CPU.Build.0 = Debug|Any CPU
		{7B264008-3B37-4818-A541-DB88F6977ACB}.Debug|x64.ActiveCfg = Debug|Any CPU
		{7B264008-3B37-4818-A541-DB88F6977ACB}.Debug|x64.Build.0 = Debug|Any CPU
		{7B264008-3B37-4818-A541-DB88F6977ACB}.Debug|x86.ActiveCfg = Debug|Any CPU
		{7B264008-3B37-4818-A541-DB88F6977ACB}.Debug|x86.Build.0 = Debug|Any CPU
		{7B264008-3B37-4818-A541-DB88F6977ACB}.Release|Any CPU.ActiveCfg = Release|Any CPU
		{7B264008-3B37-4818-A541-DB88F6977ACB}.Release|Any CPU.Build.0 = Release|Any CPU
		{7B264008-3B37-4818-A541-DB88F6977ACB}.Release|x64.ActiveCfg = Release|Any CPU
		{7B264008-3B37-4818-A541-DB88F6977ACB}.Release|x64.Build.0 = Release|Any CPU
		{7B264008-3B37-4818-A541-DB88F6977ACB}.Release|x86.ActiveCfg = Release|Any CPU
		{7B264008-3B37-4818-A541-DB88F6977ACB}.Release|x86.Build.0 = Release|Any CPU
		{DA3D6674-089A-4C0D-A939-93429CA0767A}.Debug|Any CPU.ActiveCfg = Debug|Any CPU
		{DA3D6674-089A-4C0D-A939-93429CA0767A}.Debug|Any CPU.Build.0 = Debug|Any CPU
		{DA3D6674-089A-4C0D-A939-93429CA0767A}.Debug|x64.ActiveCfg = Debug|Any CPU
		{DA3D6674-089A-4C0D-A939-93429CA0767A}.Debug|x64.Build.0 = Debug|Any CPU
		{DA3D6674-089A-4C0D-A939-93429CA0767A}.Debug|x86.ActiveCfg = Debug|Any CPU
		{DA3D6674-089A-4C0D-A939-93429CA0767A}.Debug|x86.Build.0 = Debug|Any CPU
		{DA3D6674-089A-4C0D-A939-93429CA0767A}.Release|Any CPU.ActiveCfg = Release|Any CPU
		{DA3D6674-089A-4C0D-A939-93429CA0767A}.Release|Any CPU.Build.0 = Release|Any CPU
		{DA3D6674-089A-4C0D-A939-93429CA0767A}.Release|x64.ActiveCfg = Release|Any CPU
		{DA3D6674-089A-4C0D-A939-93429CA0767A}.Release|x64.Build.0 = Release|Any CPU
		{DA3D6674-089A-4C0D-A939-93429CA0767A}.Release|x86.ActiveCfg = Release|Any CPU
		{DA3D6674-089A-4C0D-A939-93429CA0767A}.Release|x86.Build.0 = Release|Any CPU
		{E2EE431F-2CAE-4423-91EA-6EC5F92C7606}.Debug|Any CPU.ActiveCfg = Debug|Any CPU
		{E2EE431F-2CAE-4423-91EA-6EC5F92C7606}.Debug|Any CPU.Build.0 = Debug|Any CPU
		{E2EE431F-2CAE-4423-91EA-6EC5F92C7606}.Debug|x64.ActiveCfg = Debug|Any CPU
		{E2EE431F-2CAE-4423-91EA-6EC5F92C7606}.Debug|x64.Build.0 = Debug|Any CPU
		{E2EE431F-2CAE-4423-91EA-6EC5F92C7606}.Debug|x86.ActiveCfg = Debug|Any CPU
		{E2EE431F-2CAE-4423-91EA-6EC5F92C7606}.Debug|x86.Build.0 = Debug|Any CPU
		{E2EE431F-2CAE-4423-91EA-6EC5F92C7606}.Release|Any CPU.ActiveCfg = Release|Any CPU
		{E2EE431F-2CAE-4423-91EA-6EC5F92C7606}.Release|Any CPU.Build.0 = Release|Any CPU
		{E2EE431F-2CAE-4423-91EA-6EC5F92C7606}.Release|x64.ActiveCfg = Release|Any CPU
		{E2EE431F-2CAE-4423-91EA-6EC5F92C7606}.Release|x64.Build.0 = Release|Any CPU
		{E2EE431F-2CAE-4423-91EA-6EC5F92C7606}.Release|x86.ActiveCfg = Release|Any CPU
		{E2EE431F-2CAE-4423-91EA-6EC5F92C7606}.Release|x86.Build.0 = Release|Any CPU
		{B2434B48-3474-4BF0-9BA2-6A532B5382DC}.Debug|Any CPU.ActiveCfg = Debug|Any CPU
		{B2434B48-3474-4BF0-9BA2-6A532B5382DC}.Debug|Any CPU.Build.0 = Debug|Any CPU
		{B2434B48-3474-4BF0-9BA2-6A532B5382DC}.Debug|x64.ActiveCfg = Debug|Any CPU
		{B2434B48-3474-4BF0-9BA2-6A532B5382DC}.Debug|x64.Build.0 = Debug|Any CPU
		{B2434B48-3474-4BF0-9BA2-6A532B5382DC}.Debug|x86.ActiveCfg = Debug|Any CPU
		{B2434B48-3474-4BF0-9BA2-6A532B5382DC}.Debug|x86.Build.0 = Debug|Any CPU
		{B2434B48-3474-4BF0-9BA2-6A532B5382DC}.Release|Any CPU.ActiveCfg = Release|Any CPU
		{B2434B48-3474-4BF0-9BA2-6A532B5382DC}.Release|Any CPU.Build.0 = Release|Any CPU
		{B2434B48-3474-4BF0-9BA2-6A532B5382DC}.Release|x64.ActiveCfg = Release|Any CPU
		{B2434B48-3474-4BF0-9BA2-6A532B5382DC}.Release|x64.Build.0 = Release|Any CPU
		{B2434B48-3474-4BF0-9BA2-6A532B5382DC}.Release|x86.ActiveCfg = Release|Any CPU
		{B2434B48-3474-4BF0-9BA2-6A532B5382DC}.Release|x86.Build.0 = Release|Any CPU
		{427FBE54-A32B-4910-B308-54604451BC99}.Debug|Any CPU.ActiveCfg = Debug|Any CPU
		{427FBE54-A32B-4910-B308-54604451BC99}.Debug|Any CPU.Build.0 = Debug|Any CPU
		{427FBE54-A32B-4910-B308-54604451BC99}.Debug|x64.ActiveCfg = Debug|Any CPU
		{427FBE54-A32B-4910-B308-54604451BC99}.Debug|x64.Build.0 = Debug|Any CPU
		{427FBE54-A32B-4910-B308-54604451BC99}.Debug|x86.ActiveCfg = Debug|Any CPU
		{427FBE54-A32B-4910-B308-54604451BC99}.Debug|x86.Build.0 = Debug|Any CPU
		{427FBE54-A32B-4910-B308-54604451BC99}.Release|Any CPU.ActiveCfg = Release|Any CPU
		{427FBE54-A32B-4910-B308-54604451BC99}.Release|Any CPU.Build.0 = Release|Any CPU
		{427FBE54-A32B-4910-B308-54604451BC99}.Release|x64.ActiveCfg = Release|Any CPU
		{427FBE54-A32B-4910-B308-54604451BC99}.Release|x64.Build.0 = Release|Any CPU
		{427FBE54-A32B-4910-B308-54604451BC99}.Release|x86.ActiveCfg = Release|Any CPU
		{427FBE54-A32B-4910-B308-54604451BC99}.Release|x86.Build.0 = Release|Any CPU
		{DDA8A749-DDF5-4238-8B7A-C2940DD78701}.Debug|Any CPU.ActiveCfg = Debug|Any CPU
		{DDA8A749-DDF5-4238-8B7A-C2940DD78701}.Debug|Any CPU.Build.0 = Debug|Any CPU
		{DDA8A749-DDF5-4238-8B7A-C2940DD78701}.Debug|x64.ActiveCfg = Debug|Any CPU
		{DDA8A749-DDF5-4238-8B7A-C2940DD78701}.Debug|x64.Build.0 = Debug|Any CPU
		{DDA8A749-DDF5-4238-8B7A-C2940DD78701}.Debug|x86.ActiveCfg = Debug|Any CPU
		{DDA8A749-DDF5-4238-8B7A-C2940DD78701}.Debug|x86.Build.0 = Debug|Any CPU
		{DDA8A749-DDF5-4238-8B7A-C2940DD78701}.Release|Any CPU.ActiveCfg = Release|Any CPU
		{DDA8A749-DDF5-4238-8B7A-C2940DD78701}.Release|Any CPU.Build.0 = Release|Any CPU
		{DDA8A749-DDF5-4238-8B7A-C2940DD78701}.Release|x64.ActiveCfg = Release|Any CPU
		{DDA8A749-DDF5-4238-8B7A-C2940DD78701}.Release|x64.Build.0 = Release|Any CPU
		{DDA8A749-DDF5-4238-8B7A-C2940DD78701}.Release|x86.ActiveCfg = Release|Any CPU
		{DDA8A749-DDF5-4238-8B7A-C2940DD78701}.Release|x86.Build.0 = Release|Any CPU
		{355E8B64-57E5-42B9-96A7-60BD66AC0351}.Debug|Any CPU.ActiveCfg = Debug|Any CPU
		{355E8B64-57E5-42B9-96A7-60BD66AC0351}.Debug|Any CPU.Build.0 = Debug|Any CPU
		{355E8B64-57E5-42B9-96A7-60BD66AC0351}.Debug|x64.ActiveCfg = Debug|Any CPU
		{355E8B64-57E5-42B9-96A7-60BD66AC0351}.Debug|x64.Build.0 = Debug|Any CPU
		{355E8B64-57E5-42B9-96A7-60BD66AC0351}.Debug|x86.ActiveCfg = Debug|Any CPU
		{355E8B64-57E5-42B9-96A7-60BD66AC0351}.Debug|x86.Build.0 = Debug|Any CPU
		{355E8B64-57E5-42B9-96A7-60BD66AC0351}.Release|Any CPU.ActiveCfg = Release|Any CPU
		{355E8B64-57E5-42B9-96A7-60BD66AC0351}.Release|Any CPU.Build.0 = Release|Any CPU
		{355E8B64-57E5-42B9-96A7-60BD66AC0351}.Release|x64.ActiveCfg = Release|Any CPU
		{355E8B64-57E5-42B9-96A7-60BD66AC0351}.Release|x64.Build.0 = Release|Any CPU
		{355E8B64-57E5-42B9-96A7-60BD66AC0351}.Release|x86.ActiveCfg = Release|Any CPU
		{355E8B64-57E5-42B9-96A7-60BD66AC0351}.Release|x86.Build.0 = Release|Any CPU
		{FE9ABCEA-ED88-4D0E-A081-336F5E355CA2}.Debug|Any CPU.ActiveCfg = Debug|Any CPU
		{FE9ABCEA-ED88-4D0E-A081-336F5E355CA2}.Debug|Any CPU.Build.0 = Debug|Any CPU
		{FE9ABCEA-ED88-4D0E-A081-336F5E355CA2}.Debug|x64.ActiveCfg = Debug|Any CPU
		{FE9ABCEA-ED88-4D0E-A081-336F5E355CA2}.Debug|x64.Build.0 = Debug|Any CPU
		{FE9ABCEA-ED88-4D0E-A081-336F5E355CA2}.Debug|x86.ActiveCfg = Debug|Any CPU
		{FE9ABCEA-ED88-4D0E-A081-336F5E355CA2}.Debug|x86.Build.0 = Debug|Any CPU
		{FE9ABCEA-ED88-4D0E-A081-336F5E355CA2}.Release|Any CPU.ActiveCfg = Release|Any CPU
		{FE9ABCEA-ED88-4D0E-A081-336F5E355CA2}.Release|Any CPU.Build.0 = Release|Any CPU
		{FE9ABCEA-ED88-4D0E-A081-336F5E355CA2}.Release|x64.ActiveCfg = Release|Any CPU
		{FE9ABCEA-ED88-4D0E-A081-336F5E355CA2}.Release|x64.Build.0 = Release|Any CPU
		{FE9ABCEA-ED88-4D0E-A081-336F5E355CA2}.Release|x86.ActiveCfg = Release|Any CPU
		{FE9ABCEA-ED88-4D0E-A081-336F5E355CA2}.Release|x86.Build.0 = Release|Any CPU
		{7B670A13-22EB-44A1-B802-56858A1759F9}.Debug|Any CPU.ActiveCfg = Debug|Any CPU
		{7B670A13-22EB-44A1-B802-56858A1759F9}.Debug|Any CPU.Build.0 = Debug|Any CPU
		{7B670A13-22EB-44A1-B802-56858A1759F9}.Debug|x64.ActiveCfg = Debug|Any CPU
		{7B670A13-22EB-44A1-B802-56858A1759F9}.Debug|x64.Build.0 = Debug|Any CPU
		{7B670A13-22EB-44A1-B802-56858A1759F9}.Debug|x86.ActiveCfg = Debug|Any CPU
		{7B670A13-22EB-44A1-B802-56858A1759F9}.Debug|x86.Build.0 = Debug|Any CPU
		{7B670A13-22EB-44A1-B802-56858A1759F9}.Release|Any CPU.ActiveCfg = Release|Any CPU
		{7B670A13-22EB-44A1-B802-56858A1759F9}.Release|Any CPU.Build.0 = Release|Any CPU
		{7B670A13-22EB-44A1-B802-56858A1759F9}.Release|x64.ActiveCfg = Release|Any CPU
		{7B670A13-22EB-44A1-B802-56858A1759F9}.Release|x64.Build.0 = Release|Any CPU
		{7B670A13-22EB-44A1-B802-56858A1759F9}.Release|x86.ActiveCfg = Release|Any CPU
		{7B670A13-22EB-44A1-B802-56858A1759F9}.Release|x86.Build.0 = Release|Any CPU
		{AF13D093-DBE8-4D62-9705-D86AFC7D4AA4}.Debug|Any CPU.ActiveCfg = Debug|Any CPU
		{AF13D093-DBE8-4D62-9705-D86AFC7D4AA4}.Debug|Any CPU.Build.0 = Debug|Any CPU
		{AF13D093-DBE8-4D62-9705-D86AFC7D4AA4}.Debug|x64.ActiveCfg = Debug|Any CPU
		{AF13D093-DBE8-4D62-9705-D86AFC7D4AA4}.Debug|x64.Build.0 = Debug|Any CPU
		{AF13D093-DBE8-4D62-9705-D86AFC7D4AA4}.Debug|x86.ActiveCfg = Debug|Any CPU
		{AF13D093-DBE8-4D62-9705-D86AFC7D4AA4}.Debug|x86.Build.0 = Debug|Any CPU
		{AF13D093-DBE8-4D62-9705-D86AFC7D4AA4}.Release|Any CPU.ActiveCfg = Release|Any CPU
		{AF13D093-DBE8-4D62-9705-D86AFC7D4AA4}.Release|Any CPU.Build.0 = Release|Any CPU
		{AF13D093-DBE8-4D62-9705-D86AFC7D4AA4}.Release|x64.ActiveCfg = Release|Any CPU
		{AF13D093-DBE8-4D62-9705-D86AFC7D4AA4}.Release|x64.Build.0 = Release|Any CPU
		{AF13D093-DBE8-4D62-9705-D86AFC7D4AA4}.Release|x86.ActiveCfg = Release|Any CPU
		{AF13D093-DBE8-4D62-9705-D86AFC7D4AA4}.Release|x86.Build.0 = Release|Any CPU
		{0845D93D-13F0-4A9A-8B6E-3E2CE0E94B3C}.Debug|Any CPU.ActiveCfg = Debug|Any CPU
		{0845D93D-13F0-4A9A-8B6E-3E2CE0E94B3C}.Debug|Any CPU.Build.0 = Debug|Any CPU
		{0845D93D-13F0-4A9A-8B6E-3E2CE0E94B3C}.Debug|x64.ActiveCfg = Debug|Any CPU
		{0845D93D-13F0-4A9A-8B6E-3E2CE0E94B3C}.Debug|x64.Build.0 = Debug|Any CPU
		{0845D93D-13F0-4A9A-8B6E-3E2CE0E94B3C}.Debug|x86.ActiveCfg = Debug|Any CPU
		{0845D93D-13F0-4A9A-8B6E-3E2CE0E94B3C}.Debug|x86.Build.0 = Debug|Any CPU
		{0845D93D-13F0-4A9A-8B6E-3E2CE0E94B3C}.Release|Any CPU.ActiveCfg = Release|Any CPU
		{0845D93D-13F0-4A9A-8B6E-3E2CE0E94B3C}.Release|Any CPU.Build.0 = Release|Any CPU
		{0845D93D-13F0-4A9A-8B6E-3E2CE0E94B3C}.Release|x64.ActiveCfg = Release|Any CPU
		{0845D93D-13F0-4A9A-8B6E-3E2CE0E94B3C}.Release|x64.Build.0 = Release|Any CPU
		{0845D93D-13F0-4A9A-8B6E-3E2CE0E94B3C}.Release|x86.ActiveCfg = Release|Any CPU
		{0845D93D-13F0-4A9A-8B6E-3E2CE0E94B3C}.Release|x86.Build.0 = Release|Any CPU
		{3491EDCE-AB11-4274-A45A-0DDCE03D0683}.Debug|Any CPU.ActiveCfg = Debug|Any CPU
		{3491EDCE-AB11-4274-A45A-0DDCE03D0683}.Debug|Any CPU.Build.0 = Debug|Any CPU
		{3491EDCE-AB11-4274-A45A-0DDCE03D0683}.Debug|x64.ActiveCfg = Debug|Any CPU
		{3491EDCE-AB11-4274-A45A-0DDCE03D0683}.Debug|x64.Build.0 = Debug|Any CPU
		{3491EDCE-AB11-4274-A45A-0DDCE03D0683}.Debug|x86.ActiveCfg = Debug|Any CPU
		{3491EDCE-AB11-4274-A45A-0DDCE03D0683}.Debug|x86.Build.0 = Debug|Any CPU
		{3491EDCE-AB11-4274-A45A-0DDCE03D0683}.Release|Any CPU.ActiveCfg = Release|Any CPU
		{3491EDCE-AB11-4274-A45A-0DDCE03D0683}.Release|Any CPU.Build.0 = Release|Any CPU
		{3491EDCE-AB11-4274-A45A-0DDCE03D0683}.Release|x64.ActiveCfg = Release|Any CPU
		{3491EDCE-AB11-4274-A45A-0DDCE03D0683}.Release|x64.Build.0 = Release|Any CPU
		{3491EDCE-AB11-4274-A45A-0DDCE03D0683}.Release|x86.ActiveCfg = Release|Any CPU
		{3491EDCE-AB11-4274-A45A-0DDCE03D0683}.Release|x86.Build.0 = Release|Any CPU
		{EB7B62A3-1D91-42C2-A43B-A3C55EC5EE09}.Debug|Any CPU.ActiveCfg = Debug|Any CPU
		{EB7B62A3-1D91-42C2-A43B-A3C55EC5EE09}.Debug|Any CPU.Build.0 = Debug|Any CPU
		{EB7B62A3-1D91-42C2-A43B-A3C55EC5EE09}.Debug|x64.ActiveCfg = Debug|Any CPU
		{EB7B62A3-1D91-42C2-A43B-A3C55EC5EE09}.Debug|x64.Build.0 = Debug|Any CPU
		{EB7B62A3-1D91-42C2-A43B-A3C55EC5EE09}.Debug|x86.ActiveCfg = Debug|Any CPU
		{EB7B62A3-1D91-42C2-A43B-A3C55EC5EE09}.Debug|x86.Build.0 = Debug|Any CPU
		{EB7B62A3-1D91-42C2-A43B-A3C55EC5EE09}.Release|Any CPU.ActiveCfg = Release|Any CPU
		{EB7B62A3-1D91-42C2-A43B-A3C55EC5EE09}.Release|Any CPU.Build.0 = Release|Any CPU
		{EB7B62A3-1D91-42C2-A43B-A3C55EC5EE09}.Release|x64.ActiveCfg = Release|Any CPU
		{EB7B62A3-1D91-42C2-A43B-A3C55EC5EE09}.Release|x64.Build.0 = Release|Any CPU
		{EB7B62A3-1D91-42C2-A43B-A3C55EC5EE09}.Release|x86.ActiveCfg = Release|Any CPU
		{EB7B62A3-1D91-42C2-A43B-A3C55EC5EE09}.Release|x86.Build.0 = Release|Any CPU
		{391609A4-89DF-40F0-805E-62B85C4B0D51}.Debug|Any CPU.ActiveCfg = Debug|Any CPU
		{391609A4-89DF-40F0-805E-62B85C4B0D51}.Debug|Any CPU.Build.0 = Debug|Any CPU
		{391609A4-89DF-40F0-805E-62B85C4B0D51}.Debug|x64.ActiveCfg = Debug|Any CPU
		{391609A4-89DF-40F0-805E-62B85C4B0D51}.Debug|x64.Build.0 = Debug|Any CPU
		{391609A4-89DF-40F0-805E-62B85C4B0D51}.Debug|x86.ActiveCfg = Debug|Any CPU
		{391609A4-89DF-40F0-805E-62B85C4B0D51}.Debug|x86.Build.0 = Debug|Any CPU
		{391609A4-89DF-40F0-805E-62B85C4B0D51}.Release|Any CPU.ActiveCfg = Release|Any CPU
		{391609A4-89DF-40F0-805E-62B85C4B0D51}.Release|Any CPU.Build.0 = Release|Any CPU
		{391609A4-89DF-40F0-805E-62B85C4B0D51}.Release|x64.ActiveCfg = Release|Any CPU
		{391609A4-89DF-40F0-805E-62B85C4B0D51}.Release|x64.Build.0 = Release|Any CPU
		{391609A4-89DF-40F0-805E-62B85C4B0D51}.Release|x86.ActiveCfg = Release|Any CPU
		{391609A4-89DF-40F0-805E-62B85C4B0D51}.Release|x86.Build.0 = Release|Any CPU
		{B396ABAC-B6FE-41FA-8BD2-97564EB0A0F9}.Debug|Any CPU.ActiveCfg = Debug|Any CPU
		{B396ABAC-B6FE-41FA-8BD2-97564EB0A0F9}.Debug|Any CPU.Build.0 = Debug|Any CPU
		{B396ABAC-B6FE-41FA-8BD2-97564EB0A0F9}.Debug|x64.ActiveCfg = Debug|Any CPU
		{B396ABAC-B6FE-41FA-8BD2-97564EB0A0F9}.Debug|x64.Build.0 = Debug|Any CPU
		{B396ABAC-B6FE-41FA-8BD2-97564EB0A0F9}.Debug|x86.ActiveCfg = Debug|Any CPU
		{B396ABAC-B6FE-41FA-8BD2-97564EB0A0F9}.Debug|x86.Build.0 = Debug|Any CPU
		{B396ABAC-B6FE-41FA-8BD2-97564EB0A0F9}.Release|Any CPU.ActiveCfg = Release|Any CPU
		{B396ABAC-B6FE-41FA-8BD2-97564EB0A0F9}.Release|Any CPU.Build.0 = Release|Any CPU
		{B396ABAC-B6FE-41FA-8BD2-97564EB0A0F9}.Release|x64.ActiveCfg = Release|Any CPU
		{B396ABAC-B6FE-41FA-8BD2-97564EB0A0F9}.Release|x64.Build.0 = Release|Any CPU
		{B396ABAC-B6FE-41FA-8BD2-97564EB0A0F9}.Release|x86.ActiveCfg = Release|Any CPU
		{B396ABAC-B6FE-41FA-8BD2-97564EB0A0F9}.Release|x86.Build.0 = Release|Any CPU
		{537BEAE7-B4C3-4907-99EE-405975A69080}.Debug|Any CPU.ActiveCfg = Debug|Any CPU
		{537BEAE7-B4C3-4907-99EE-405975A69080}.Debug|Any CPU.Build.0 = Debug|Any CPU
		{537BEAE7-B4C3-4907-99EE-405975A69080}.Debug|x64.ActiveCfg = Debug|Any CPU
		{537BEAE7-B4C3-4907-99EE-405975A69080}.Debug|x64.Build.0 = Debug|Any CPU
		{537BEAE7-B4C3-4907-99EE-405975A69080}.Debug|x86.ActiveCfg = Debug|Any CPU
		{537BEAE7-B4C3-4907-99EE-405975A69080}.Debug|x86.Build.0 = Debug|Any CPU
		{537BEAE7-B4C3-4907-99EE-405975A69080}.Release|Any CPU.ActiveCfg = Release|Any CPU
		{537BEAE7-B4C3-4907-99EE-405975A69080}.Release|Any CPU.Build.0 = Release|Any CPU
		{537BEAE7-B4C3-4907-99EE-405975A69080}.Release|x64.ActiveCfg = Release|Any CPU
		{537BEAE7-B4C3-4907-99EE-405975A69080}.Release|x64.Build.0 = Release|Any CPU
		{537BEAE7-B4C3-4907-99EE-405975A69080}.Release|x86.ActiveCfg = Release|Any CPU
		{537BEAE7-B4C3-4907-99EE-405975A69080}.Release|x86.Build.0 = Release|Any CPU
		{7DCF06C0-E219-4C79-B60E-7EAC9B7DCCBA}.Debug|Any CPU.ActiveCfg = Debug|Any CPU
		{7DCF06C0-E219-4C79-B60E-7EAC9B7DCCBA}.Debug|Any CPU.Build.0 = Debug|Any CPU
		{7DCF06C0-E219-4C79-B60E-7EAC9B7DCCBA}.Debug|x64.ActiveCfg = Debug|Any CPU
		{7DCF06C0-E219-4C79-B60E-7EAC9B7DCCBA}.Debug|x64.Build.0 = Debug|Any CPU
		{7DCF06C0-E219-4C79-B60E-7EAC9B7DCCBA}.Debug|x86.ActiveCfg = Debug|Any CPU
		{7DCF06C0-E219-4C79-B60E-7EAC9B7DCCBA}.Debug|x86.Build.0 = Debug|Any CPU
		{7DCF06C0-E219-4C79-B60E-7EAC9B7DCCBA}.Release|Any CPU.ActiveCfg = Release|Any CPU
		{7DCF06C0-E219-4C79-B60E-7EAC9B7DCCBA}.Release|Any CPU.Build.0 = Release|Any CPU
		{7DCF06C0-E219-4C79-B60E-7EAC9B7DCCBA}.Release|x64.ActiveCfg = Release|Any CPU
		{7DCF06C0-E219-4C79-B60E-7EAC9B7DCCBA}.Release|x64.Build.0 = Release|Any CPU
		{7DCF06C0-E219-4C79-B60E-7EAC9B7DCCBA}.Release|x86.ActiveCfg = Release|Any CPU
		{7DCF06C0-E219-4C79-B60E-7EAC9B7DCCBA}.Release|x86.Build.0 = Release|Any CPU
		{422AF5C3-F28C-4882-9B09-13E1B7E7502E}.Debug|Any CPU.ActiveCfg = Debug|Any CPU
		{422AF5C3-F28C-4882-9B09-13E1B7E7502E}.Debug|Any CPU.Build.0 = Debug|Any CPU
		{422AF5C3-F28C-4882-9B09-13E1B7E7502E}.Debug|x64.ActiveCfg = Debug|Any CPU
		{422AF5C3-F28C-4882-9B09-13E1B7E7502E}.Debug|x64.Build.0 = Debug|Any CPU
		{422AF5C3-F28C-4882-9B09-13E1B7E7502E}.Debug|x86.ActiveCfg = Debug|Any CPU
		{422AF5C3-F28C-4882-9B09-13E1B7E7502E}.Debug|x86.Build.0 = Debug|Any CPU
		{422AF5C3-F28C-4882-9B09-13E1B7E7502E}.Release|Any CPU.ActiveCfg = Release|Any CPU
		{422AF5C3-F28C-4882-9B09-13E1B7E7502E}.Release|Any CPU.Build.0 = Release|Any CPU
		{422AF5C3-F28C-4882-9B09-13E1B7E7502E}.Release|x64.ActiveCfg = Release|Any CPU
		{422AF5C3-F28C-4882-9B09-13E1B7E7502E}.Release|x64.Build.0 = Release|Any CPU
		{422AF5C3-F28C-4882-9B09-13E1B7E7502E}.Release|x86.ActiveCfg = Release|Any CPU
		{422AF5C3-F28C-4882-9B09-13E1B7E7502E}.Release|x86.Build.0 = Release|Any CPU
		{E34C174C-801D-47B0-B00E-E685052D1706}.Debug|Any CPU.ActiveCfg = Debug|Any CPU
		{E34C174C-801D-47B0-B00E-E685052D1706}.Debug|Any CPU.Build.0 = Debug|Any CPU
		{E34C174C-801D-47B0-B00E-E685052D1706}.Debug|x64.ActiveCfg = Debug|Any CPU
		{E34C174C-801D-47B0-B00E-E685052D1706}.Debug|x64.Build.0 = Debug|Any CPU
		{E34C174C-801D-47B0-B00E-E685052D1706}.Debug|x86.ActiveCfg = Debug|Any CPU
		{E34C174C-801D-47B0-B00E-E685052D1706}.Debug|x86.Build.0 = Debug|Any CPU
		{E34C174C-801D-47B0-B00E-E685052D1706}.Release|Any CPU.ActiveCfg = Release|Any CPU
		{E34C174C-801D-47B0-B00E-E685052D1706}.Release|Any CPU.Build.0 = Release|Any CPU
		{E34C174C-801D-47B0-B00E-E685052D1706}.Release|x64.ActiveCfg = Release|Any CPU
		{E34C174C-801D-47B0-B00E-E685052D1706}.Release|x64.Build.0 = Release|Any CPU
		{E34C174C-801D-47B0-B00E-E685052D1706}.Release|x86.ActiveCfg = Release|Any CPU
		{E34C174C-801D-47B0-B00E-E685052D1706}.Release|x86.Build.0 = Release|Any CPU
		{614E3804-7E2F-44B8-ADA2-7BFC1437A713}.Debug|Any CPU.ActiveCfg = Debug|Any CPU
		{614E3804-7E2F-44B8-ADA2-7BFC1437A713}.Debug|Any CPU.Build.0 = Debug|Any CPU
		{614E3804-7E2F-44B8-ADA2-7BFC1437A713}.Debug|x64.ActiveCfg = Debug|Any CPU
		{614E3804-7E2F-44B8-ADA2-7BFC1437A713}.Debug|x64.Build.0 = Debug|Any CPU
		{614E3804-7E2F-44B8-ADA2-7BFC1437A713}.Debug|x86.ActiveCfg = Debug|Any CPU
		{614E3804-7E2F-44B8-ADA2-7BFC1437A713}.Debug|x86.Build.0 = Debug|Any CPU
		{614E3804-7E2F-44B8-ADA2-7BFC1437A713}.Release|Any CPU.ActiveCfg = Release|Any CPU
		{614E3804-7E2F-44B8-ADA2-7BFC1437A713}.Release|Any CPU.Build.0 = Release|Any CPU
		{614E3804-7E2F-44B8-ADA2-7BFC1437A713}.Release|x64.ActiveCfg = Release|Any CPU
		{614E3804-7E2F-44B8-ADA2-7BFC1437A713}.Release|x64.Build.0 = Release|Any CPU
		{614E3804-7E2F-44B8-ADA2-7BFC1437A713}.Release|x86.ActiveCfg = Release|Any CPU
		{614E3804-7E2F-44B8-ADA2-7BFC1437A713}.Release|x86.Build.0 = Release|Any CPU
		{88962AF8-0734-4053-A2FE-B4635A1C9B6D}.Debug|Any CPU.ActiveCfg = Debug|Any CPU
		{88962AF8-0734-4053-A2FE-B4635A1C9B6D}.Debug|Any CPU.Build.0 = Debug|Any CPU
		{88962AF8-0734-4053-A2FE-B4635A1C9B6D}.Debug|x64.ActiveCfg = Debug|Any CPU
		{88962AF8-0734-4053-A2FE-B4635A1C9B6D}.Debug|x64.Build.0 = Debug|Any CPU
		{88962AF8-0734-4053-A2FE-B4635A1C9B6D}.Debug|x86.ActiveCfg = Debug|Any CPU
		{88962AF8-0734-4053-A2FE-B4635A1C9B6D}.Debug|x86.Build.0 = Debug|Any CPU
		{88962AF8-0734-4053-A2FE-B4635A1C9B6D}.Release|Any CPU.ActiveCfg = Release|Any CPU
		{88962AF8-0734-4053-A2FE-B4635A1C9B6D}.Release|Any CPU.Build.0 = Release|Any CPU
		{88962AF8-0734-4053-A2FE-B4635A1C9B6D}.Release|x64.ActiveCfg = Release|Any CPU
		{88962AF8-0734-4053-A2FE-B4635A1C9B6D}.Release|x64.Build.0 = Release|Any CPU
		{88962AF8-0734-4053-A2FE-B4635A1C9B6D}.Release|x86.ActiveCfg = Release|Any CPU
		{88962AF8-0734-4053-A2FE-B4635A1C9B6D}.Release|x86.Build.0 = Release|Any CPU
		{D0E41D8A-9B78-4434-A5B1-7966DCF520CA}.Debug|Any CPU.ActiveCfg = Debug|Any CPU
		{D0E41D8A-9B78-4434-A5B1-7966DCF520CA}.Debug|Any CPU.Build.0 = Debug|Any CPU
		{D0E41D8A-9B78-4434-A5B1-7966DCF520CA}.Debug|x64.ActiveCfg = Debug|Any CPU
		{D0E41D8A-9B78-4434-A5B1-7966DCF520CA}.Debug|x64.Build.0 = Debug|Any CPU
		{D0E41D8A-9B78-4434-A5B1-7966DCF520CA}.Debug|x86.ActiveCfg = Debug|Any CPU
		{D0E41D8A-9B78-4434-A5B1-7966DCF520CA}.Debug|x86.Build.0 = Debug|Any CPU
		{D0E41D8A-9B78-4434-A5B1-7966DCF520CA}.Release|Any CPU.ActiveCfg = Release|Any CPU
		{D0E41D8A-9B78-4434-A5B1-7966DCF520CA}.Release|Any CPU.Build.0 = Release|Any CPU
		{D0E41D8A-9B78-4434-A5B1-7966DCF520CA}.Release|x64.ActiveCfg = Release|Any CPU
		{D0E41D8A-9B78-4434-A5B1-7966DCF520CA}.Release|x64.Build.0 = Release|Any CPU
		{D0E41D8A-9B78-4434-A5B1-7966DCF520CA}.Release|x86.ActiveCfg = Release|Any CPU
		{D0E41D8A-9B78-4434-A5B1-7966DCF520CA}.Release|x86.Build.0 = Release|Any CPU
		{FDB35295-B232-4E88-877C-79BCD44427C5}.Debug|Any CPU.ActiveCfg = Debug|Any CPU
		{FDB35295-B232-4E88-877C-79BCD44427C5}.Debug|Any CPU.Build.0 = Debug|Any CPU
		{FDB35295-B232-4E88-877C-79BCD44427C5}.Debug|x64.ActiveCfg = Debug|Any CPU
		{FDB35295-B232-4E88-877C-79BCD44427C5}.Debug|x64.Build.0 = Debug|Any CPU
		{FDB35295-B232-4E88-877C-79BCD44427C5}.Debug|x86.ActiveCfg = Debug|Any CPU
		{FDB35295-B232-4E88-877C-79BCD44427C5}.Debug|x86.Build.0 = Debug|Any CPU
		{FDB35295-B232-4E88-877C-79BCD44427C5}.Release|Any CPU.ActiveCfg = Release|Any CPU
		{FDB35295-B232-4E88-877C-79BCD44427C5}.Release|Any CPU.Build.0 = Release|Any CPU
		{FDB35295-B232-4E88-877C-79BCD44427C5}.Release|x64.ActiveCfg = Release|Any CPU
		{FDB35295-B232-4E88-877C-79BCD44427C5}.Release|x64.Build.0 = Release|Any CPU
		{FDB35295-B232-4E88-877C-79BCD44427C5}.Release|x86.ActiveCfg = Release|Any CPU
		{FDB35295-B232-4E88-877C-79BCD44427C5}.Release|x86.Build.0 = Release|Any CPU
		{BE00FEA3-671D-4470-BC79-60B7184B8E72}.Debug|Any CPU.ActiveCfg = Debug|Any CPU
		{BE00FEA3-671D-4470-BC79-60B7184B8E72}.Debug|Any CPU.Build.0 = Debug|Any CPU
		{BE00FEA3-671D-4470-BC79-60B7184B8E72}.Debug|x64.ActiveCfg = Debug|Any CPU
		{BE00FEA3-671D-4470-BC79-60B7184B8E72}.Debug|x64.Build.0 = Debug|Any CPU
		{BE00FEA3-671D-4470-BC79-60B7184B8E72}.Debug|x86.ActiveCfg = Debug|Any CPU
		{BE00FEA3-671D-4470-BC79-60B7184B8E72}.Debug|x86.Build.0 = Debug|Any CPU
		{BE00FEA3-671D-4470-BC79-60B7184B8E72}.Release|Any CPU.ActiveCfg = Release|Any CPU
		{BE00FEA3-671D-4470-BC79-60B7184B8E72}.Release|Any CPU.Build.0 = Release|Any CPU
		{BE00FEA3-671D-4470-BC79-60B7184B8E72}.Release|x64.ActiveCfg = Release|Any CPU
		{BE00FEA3-671D-4470-BC79-60B7184B8E72}.Release|x64.Build.0 = Release|Any CPU
		{BE00FEA3-671D-4470-BC79-60B7184B8E72}.Release|x86.ActiveCfg = Release|Any CPU
		{BE00FEA3-671D-4470-BC79-60B7184B8E72}.Release|x86.Build.0 = Release|Any CPU
	EndGlobalSection
	GlobalSection(SolutionProperties) = preSolution
		HideSolutionNode = FALSE
	EndGlobalSection
	GlobalSection(NestedProjects) = preSolution
		{DA0235E7-E63D-4E9E-93C6-10B676D790A6} = {74825AF8-40E2-48F1-A6DB-4A81B288E670}
		{75B41187-B062-48DC-AB34-8709FDBACBEC} = {74825AF8-40E2-48F1-A6DB-4A81B288E670}
		{A43D2B92-044E-41C0-BC7F-F4AC0A9246A3} = {74825AF8-40E2-48F1-A6DB-4A81B288E670}
		{5513EC1F-A8AC-49F8-B26C-B554B45F3FB4} = {74825AF8-40E2-48F1-A6DB-4A81B288E670}
		{17DF3AD0-C20A-4163-AD6C-33B562E48844} = {74825AF8-40E2-48F1-A6DB-4A81B288E670}
		{AA6A80C3-6C6B-4C19-AC4B-BC641800EDFC} = {74825AF8-40E2-48F1-A6DB-4A81B288E670}
		{5AFF992C-B30E-4626-BFC4-FEB4E4769853} = {74825AF8-40E2-48F1-A6DB-4A81B288E670}
		{7B264008-3B37-4818-A541-DB88F6977ACB} = {74825AF8-40E2-48F1-A6DB-4A81B288E670}
		{DA3D6674-089A-4C0D-A939-93429CA0767A} = {74825AF8-40E2-48F1-A6DB-4A81B288E670}
		{E2EE431F-2CAE-4423-91EA-6EC5F92C7606} = {74825AF8-40E2-48F1-A6DB-4A81B288E670}
		{B2434B48-3474-4BF0-9BA2-6A532B5382DC} = {74825AF8-40E2-48F1-A6DB-4A81B288E670}
		{427FBE54-A32B-4910-B308-54604451BC99} = {74825AF8-40E2-48F1-A6DB-4A81B288E670}
		{DDA8A749-DDF5-4238-8B7A-C2940DD78701} = {74825AF8-40E2-48F1-A6DB-4A81B288E670}
		{355E8B64-57E5-42B9-96A7-60BD66AC0351} = {74825AF8-40E2-48F1-A6DB-4A81B288E670}
		{FE9ABCEA-ED88-4D0E-A081-336F5E355CA2} = {74825AF8-40E2-48F1-A6DB-4A81B288E670}
		{7B670A13-22EB-44A1-B802-56858A1759F9} = {74825AF8-40E2-48F1-A6DB-4A81B288E670}
		{AF13D093-DBE8-4D62-9705-D86AFC7D4AA4} = {74825AF8-40E2-48F1-A6DB-4A81B288E670}
		{0845D93D-13F0-4A9A-8B6E-3E2CE0E94B3C} = {74825AF8-40E2-48F1-A6DB-4A81B288E670}
		{3491EDCE-AB11-4274-A45A-0DDCE03D0683} = {74825AF8-40E2-48F1-A6DB-4A81B288E670}
		{EB7B62A3-1D91-42C2-A43B-A3C55EC5EE09} = {74825AF8-40E2-48F1-A6DB-4A81B288E670}
		{391609A4-89DF-40F0-805E-62B85C4B0D51} = {74825AF8-40E2-48F1-A6DB-4A81B288E670}
		{B396ABAC-B6FE-41FA-8BD2-97564EB0A0F9} = {74825AF8-40E2-48F1-A6DB-4A81B288E670}
		{537BEAE7-B4C3-4907-99EE-405975A69080} = {74825AF8-40E2-48F1-A6DB-4A81B288E670}
		{7DCF06C0-E219-4C79-B60E-7EAC9B7DCCBA} = {74825AF8-40E2-48F1-A6DB-4A81B288E670}
		{422AF5C3-F28C-4882-9B09-13E1B7E7502E} = {74825AF8-40E2-48F1-A6DB-4A81B288E670}
		{E34C174C-801D-47B0-B00E-E685052D1706} = {74825AF8-40E2-48F1-A6DB-4A81B288E670}
		{614E3804-7E2F-44B8-ADA2-7BFC1437A713} = {74825AF8-40E2-48F1-A6DB-4A81B288E670}
		{88962AF8-0734-4053-A2FE-B4635A1C9B6D} = {74825AF8-40E2-48F1-A6DB-4A81B288E670}
		{D0E41D8A-9B78-4434-A5B1-7966DCF520CA} = {74825AF8-40E2-48F1-A6DB-4A81B288E670}
		{FDB35295-B232-4E88-877C-79BCD44427C5} = {74825AF8-40E2-48F1-A6DB-4A81B288E670}
		{BE00FEA3-671D-4470-BC79-60B7184B8E72} = {74825AF8-40E2-48F1-A6DB-4A81B288E670}
	EndGlobalSection
	GlobalSection(ExtensibilityGlobals) = postSolution
		SolutionGuid = {3282CAD0-BAEA-4886-9B40-BB41CBD674D1}
	EndGlobalSection
EndGlobal
