
Microsoft Visual Studio Solution File, Format Version 12.00
# Visual Studio Version 16
VisualStudioVersion = 16.0.30114.105
MinimumVisualStudioVersion = 10.0.40219.1
Project("{FAE04EC0-301F-11D3-BF4B-00C04F79EFBC}") = "R5T.Pickwich.Standard", "R5T.Pickwich.Standard\R5T.Pickwich.Standard.csproj", "{DF79EBDA-2C4B-4D88-B465-439F1780EF3C}"
EndProject
Project("{FAE04EC0-301F-11D3-BF4B-00C04F79EFBC}") = "R5T.Pickwich.Standard.Construction", "R5T.Pickwich.Standard.Construction\R5T.Pickwich.Standard.Construction.csproj", "{C9302D16-B0CD-476F-83FA-C7BE12CC231E}"
EndProject
Project("{FAE04EC0-301F-11D3-BF4B-00C04F79EFBC}") = "R5T.Pickwich.Standard.Testing", "R5T.Pickwich.Standard.Testing\R5T.Pickwich.Standard.Testing.csproj", "{B563A104-DF36-412E-BC76-C026F335EFF6}"
EndProject
Global
	GlobalSection(SolutionConfigurationPlatforms) = preSolution
		Debug|Any CPU = Debug|Any CPU
		Debug|x64 = Debug|x64
		Debug|x86 = Debug|x86
		Release|Any CPU = Release|Any CPU
		Release|x64 = Release|x64
		Release|x86 = Release|x86
	EndGlobalSection
	GlobalSection(SolutionProperties) = preSolution
		HideSolutionNode = FALSE
	EndGlobalSection
	GlobalSection(ProjectConfigurationPlatforms) = postSolution
		{DF79EBDA-2C4B-4D88-B465-439F1780EF3C}.Debug|Any CPU.ActiveCfg = Debug|Any CPU
		{DF79EBDA-2C4B-4D88-B465-439F1780EF3C}.Debug|Any CPU.Build.0 = Debug|Any CPU
		{DF79EBDA-2C4B-4D88-B465-439F1780EF3C}.Debug|x64.ActiveCfg = Debug|Any CPU
		{DF79EBDA-2C4B-4D88-B465-439F1780EF3C}.Debug|x64.Build.0 = Debug|Any CPU
		{DF79EBDA-2C4B-4D88-B465-439F1780EF3C}.Debug|x86.ActiveCfg = Debug|Any CPU
		{DF79EBDA-2C4B-4D88-B465-439F1780EF3C}.Debug|x86.Build.0 = Debug|Any CPU
		{DF79EBDA-2C4B-4D88-B465-439F1780EF3C}.Release|Any CPU.ActiveCfg = Release|Any CPU
		{DF79EBDA-2C4B-4D88-B465-439F1780EF3C}.Release|Any CPU.Build.0 = Release|Any CPU
		{DF79EBDA-2C4B-4D88-B465-439F1780EF3C}.Release|x64.ActiveCfg = Release|Any CPU
		{DF79EBDA-2C4B-4D88-B465-439F1780EF3C}.Release|x64.Build.0 = Release|Any CPU
		{DF79EBDA-2C4B-4D88-B465-439F1780EF3C}.Release|x86.ActiveCfg = Release|Any CPU
		{DF79EBDA-2C4B-4D88-B465-439F1780EF3C}.Release|x86.Build.0 = Release|Any CPU
		{C9302D16-B0CD-476F-83FA-C7BE12CC231E}.Debug|Any CPU.ActiveCfg = Debug|Any CPU
		{C9302D16-B0CD-476F-83FA-C7BE12CC231E}.Debug|Any CPU.Build.0 = Debug|Any CPU
		{C9302D16-B0CD-476F-83FA-C7BE12CC231E}.Debug|x64.ActiveCfg = Debug|Any CPU
		{C9302D16-B0CD-476F-83FA-C7BE12CC231E}.Debug|x64.Build.0 = Debug|Any CPU
		{C9302D16-B0CD-476F-83FA-C7BE12CC231E}.Debug|x86.ActiveCfg = Debug|Any CPU
		{C9302D16-B0CD-476F-83FA-C7BE12CC231E}.Debug|x86.Build.0 = Debug|Any CPU
		{C9302D16-B0CD-476F-83FA-C7BE12CC231E}.Release|Any CPU.ActiveCfg = Release|Any CPU
		{C9302D16-B0CD-476F-83FA-C7BE12CC231E}.Release|Any CPU.Build.0 = Release|Any CPU
		{C9302D16-B0CD-476F-83FA-C7BE12CC231E}.Release|x64.ActiveCfg = Release|Any CPU
		{C9302D16-B0CD-476F-83FA-C7BE12CC231E}.Release|x64.Build.0 = Release|Any CPU
		{C9302D16-B0CD-476F-83FA-C7BE12CC231E}.Release|x86.ActiveCfg = Release|Any CPU
		{C9302D16-B0CD-476F-83FA-C7BE12CC231E}.Release|x86.Build.0 = Release|Any CPU
		{B563A104-DF36-412E-BC76-C026F335EFF6}.Debug|Any CPU.ActiveCfg = Debug|Any CPU
		{B563A104-DF36-412E-BC76-C026F335EFF6}.Debug|Any CPU.Build.0 = Debug|Any CPU
		{B563A104-DF36-412E-BC76-C026F335EFF6}.Debug|x64.ActiveCfg = Debug|Any CPU
		{B563A104-DF36-412E-BC76-C026F335EFF6}.Debug|x64.Build.0 = Debug|Any CPU
		{B563A104-DF36-412E-BC76-C026F335EFF6}.Debug|x86.ActiveCfg = Debug|Any CPU
		{B563A104-DF36-412E-BC76-C026F335EFF6}.Debug|x86.Build.0 = Debug|Any CPU
		{B563A104-DF36-412E-BC76-C026F335EFF6}.Release|Any CPU.ActiveCfg = Release|Any CPU
		{B563A104-DF36-412E-BC76-C026F335EFF6}.Release|Any CPU.Build.0 = Release|Any CPU
		{B563A104-DF36-412E-BC76-C026F335EFF6}.Release|x64.ActiveCfg = Release|Any CPU
		{B563A104-DF36-412E-BC76-C026F335EFF6}.Release|x64.Build.0 = Release|Any CPU
		{B563A104-DF36-412E-BC76-C026F335EFF6}.Release|x86.ActiveCfg = Release|Any CPU
		{B563A104-DF36-412E-BC76-C026F335EFF6}.Release|x86.Build.0 = Release|Any CPU
	EndGlobalSection
EndGlobal
